
Microsoft Visual Studio Solution File, Format Version 12.00
# Visual Studio Version 16
VisualStudioVersion = 16.0.29509.3
MinimumVisualStudioVersion = 10.0.40219.1
Project("{FAE04EC0-301F-11D3-BF4B-00C04F79EFBC}") = "ExpenseIt", "2019.11.16_practise\ExpenseIt\ExpenseIt.csproj", "{18C95F98-F15B-44DF-9621-E6671A6E9046}"
EndProject
Project("{FAE04EC0-301F-11D3-BF4B-00C04F79EFBC}") = "WpfApp1", "2019.11.16_practise\WpfApp1\WpfApp1.csproj", "{0549C068-1962-4DD0-BE2F-EE363F6CB661}"
EndProject
Global
	GlobalSection(SolutionConfigurationPlatforms) = preSolution
		Debug|Any CPU = Debug|Any CPU
		Release|Any CPU = Release|Any CPU
	EndGlobalSection
	GlobalSection(ProjectConfigurationPlatforms) = postSolution
		{18C95F98-F15B-44DF-9621-E6671A6E9046}.Debug|Any CPU.ActiveCfg = Debug|Any CPU
		{18C95F98-F15B-44DF-9621-E6671A6E9046}.Debug|Any CPU.Build.0 = Debug|Any CPU
		{18C95F98-F15B-44DF-9621-E6671A6E9046}.Release|Any CPU.ActiveCfg = Release|Any CPU
		{18C95F98-F15B-44DF-9621-E6671A6E9046}.Release|Any CPU.Build.0 = Release|Any CPU
		{0549C068-1962-4DD0-BE2F-EE363F6CB661}.Debug|Any CPU.ActiveCfg = Debug|Any CPU
		{0549C068-1962-4DD0-BE2F-EE363F6CB661}.Debug|Any CPU.Build.0 = Debug|Any CPU
		{0549C068-1962-4DD0-BE2F-EE363F6CB661}.Release|Any CPU.ActiveCfg = Release|Any CPU
		{0549C068-1962-4DD0-BE2F-EE363F6CB661}.Release|Any CPU.Build.0 = Release|Any CPU
	EndGlobalSection
	GlobalSection(SolutionProperties) = preSolution
		HideSolutionNode = FALSE
	EndGlobalSection
	GlobalSection(ExtensibilityGlobals) = postSolution
		SolutionGuid = {FB897161-3E9F-41DD-893B-69E589DC8B1E}
	EndGlobalSection
EndGlobal
