
Microsoft Visual Studio Solution File, Format Version 12.00
# Visual Studio Version 16
VisualStudioVersion = 16.0.29509.3
MinimumVisualStudioVersion = 10.0.40219.1
Project("{FAE04EC0-301F-11D3-BF4B-00C04F79EFBC}") = "Task1", "Task1\Task1.csproj", "{542556F6-EE1D-41C7-909D-E7083AD99180}"
EndProject
Project("{FAE04EC0-301F-11D3-BF4B-00C04F79EFBC}") = "Task2", "Task2\Task2.csproj", "{5E39C32D-726F-494E-9719-977B387CE129}"
EndProject
Global
	GlobalSection(SolutionConfigurationPlatforms) = preSolution
		Debug|Any CPU = Debug|Any CPU
		Release|Any CPU = Release|Any CPU
	EndGlobalSection
	GlobalSection(ProjectConfigurationPlatforms) = postSolution
		{542556F6-EE1D-41C7-909D-E7083AD99180}.Debug|Any CPU.ActiveCfg = Debug|Any CPU
		{542556F6-EE1D-41C7-909D-E7083AD99180}.Debug|Any CPU.Build.0 = Debug|Any CPU
		{542556F6-EE1D-41C7-909D-E7083AD99180}.Release|Any CPU.ActiveCfg = Release|Any CPU
		{542556F6-EE1D-41C7-909D-E7083AD99180}.Release|Any CPU.Build.0 = Release|Any CPU
		{5E39C32D-726F-494E-9719-977B387CE129}.Debug|Any CPU.ActiveCfg = Debug|Any CPU
		{5E39C32D-726F-494E-9719-977B387CE129}.Debug|Any CPU.Build.0 = Debug|Any CPU
		{5E39C32D-726F-494E-9719-977B387CE129}.Release|Any CPU.ActiveCfg = Release|Any CPU
		{5E39C32D-726F-494E-9719-977B387CE129}.Release|Any CPU.Build.0 = Release|Any CPU
	EndGlobalSection
	GlobalSection(SolutionProperties) = preSolution
		HideSolutionNode = FALSE
	EndGlobalSection
	GlobalSection(ExtensibilityGlobals) = postSolution
		SolutionGuid = {FB897161-3E9F-41DD-893B-69E589DC8B1E}
	EndGlobalSection
EndGlobal
